
Microsoft Visual Studio Solution File, Format Version 12.00
# Visual Studio Version 17
VisualStudioVersion = 17.2.32526.322
MinimumVisualStudioVersion = 10.0.40219.1
Project("{FAE04EC0-301F-11D3-BF4B-00C04F79EFBC}") = "026 - Partida de futebol com switch", "026 - Partida de futebol com switch\026 - Partida de futebol com switch.csproj", "{3FD1DC9A-0E25-4686-8074-8B90160D01FE}"
EndProject
Global
	GlobalSection(SolutionConfigurationPlatforms) = preSolution
		Debug|Any CPU = Debug|Any CPU
		Release|Any CPU = Release|Any CPU
	EndGlobalSection
	GlobalSection(ProjectConfigurationPlatforms) = postSolution
		{3FD1DC9A-0E25-4686-8074-8B90160D01FE}.Debug|Any CPU.ActiveCfg = Debug|Any CPU
		{3FD1DC9A-0E25-4686-8074-8B90160D01FE}.Debug|Any CPU.Build.0 = Debug|Any CPU
		{3FD1DC9A-0E25-4686-8074-8B90160D01FE}.Release|Any CPU.ActiveCfg = Release|Any CPU
		{3FD1DC9A-0E25-4686-8074-8B90160D01FE}.Release|Any CPU.Build.0 = Release|Any CPU
	EndGlobalSection
	GlobalSection(SolutionProperties) = preSolution
		HideSolutionNode = FALSE
	EndGlobalSection
	GlobalSection(ExtensibilityGlobals) = postSolution
		SolutionGuid = {70CBD6F7-B2EB-4B51-82D1-5049499BCE2D}
	EndGlobalSection
EndGlobal
