
Microsoft Visual Studio Solution File, Format Version 12.00
# Visual Studio Version 17
VisualStudioVersion = 17.2.32526.322
MinimumVisualStudioVersion = 10.0.40219.1
Project("{FAE04EC0-301F-11D3-BF4B-00C04F79EFBC}") = "027 - Contar ate 10 com for", "027 - Contar ate 10 com for\027 - Contar ate 10 com for.csproj", "{DBAE7CA9-3401-4F82-B17F-4B6AEB3949D0}"
EndProject
Global
	GlobalSection(SolutionConfigurationPlatforms) = preSolution
		Debug|Any CPU = Debug|Any CPU
		Release|Any CPU = Release|Any CPU
	EndGlobalSection
	GlobalSection(ProjectConfigurationPlatforms) = postSolution
		{DBAE7CA9-3401-4F82-B17F-4B6AEB3949D0}.Debug|Any CPU.ActiveCfg = Debug|Any CPU
		{DBAE7CA9-3401-4F82-B17F-4B6AEB3949D0}.Debug|Any CPU.Build.0 = Debug|Any CPU
		{DBAE7CA9-3401-4F82-B17F-4B6AEB3949D0}.Release|Any CPU.ActiveCfg = Release|Any CPU
		{DBAE7CA9-3401-4F82-B17F-4B6AEB3949D0}.Release|Any CPU.Build.0 = Release|Any CPU
	EndGlobalSection
	GlobalSection(SolutionProperties) = preSolution
		HideSolutionNode = FALSE
	EndGlobalSection
	GlobalSection(ExtensibilityGlobals) = postSolution
		SolutionGuid = {DD1155D7-94F1-46A6-AD67-732CB74D6280}
	EndGlobalSection
EndGlobal
