
Microsoft Visual Studio Solution File, Format Version 12.00
# Visual Studio Version 17
VisualStudioVersion = 17.2.32526.322
MinimumVisualStudioVersion = 10.0.40219.1
Project("{FAE04EC0-301F-11D3-BF4B-00C04F79EFBC}") = "025 - Partida de futebol com if", "025 - Partida de futebol com if\025 - Partida de futebol com if.csproj", "{8A8EACD2-6D62-46DD-BB9B-30C6190E8127}"
EndProject
Global
	GlobalSection(SolutionConfigurationPlatforms) = preSolution
		Debug|Any CPU = Debug|Any CPU
		Release|Any CPU = Release|Any CPU
	EndGlobalSection
	GlobalSection(ProjectConfigurationPlatforms) = postSolution
		{8A8EACD2-6D62-46DD-BB9B-30C6190E8127}.Debug|Any CPU.ActiveCfg = Debug|Any CPU
		{8A8EACD2-6D62-46DD-BB9B-30C6190E8127}.Debug|Any CPU.Build.0 = Debug|Any CPU
		{8A8EACD2-6D62-46DD-BB9B-30C6190E8127}.Release|Any CPU.ActiveCfg = Release|Any CPU
		{8A8EACD2-6D62-46DD-BB9B-30C6190E8127}.Release|Any CPU.Build.0 = Release|Any CPU
	EndGlobalSection
	GlobalSection(SolutionProperties) = preSolution
		HideSolutionNode = FALSE
	EndGlobalSection
	GlobalSection(ExtensibilityGlobals) = postSolution
		SolutionGuid = {A0E2FA4D-3789-4412-B20C-D441BCB284D3}
	EndGlobalSection
EndGlobal
