
Microsoft Visual Studio Solution File, Format Version 12.00
# Visual Studio Version 17
VisualStudioVersion = 17.2.32526.322
MinimumVisualStudioVersion = 10.0.40219.1
Project("{FAE04EC0-301F-11D3-BF4B-00C04F79EFBC}") = "012 - Emprestimo", "012 - Emprestimo\012 - Emprestimo.csproj", "{CA56D757-9440-4DA7-A393-B994BAA7E8C9}"
EndProject
Global
	GlobalSection(SolutionConfigurationPlatforms) = preSolution
		Debug|Any CPU = Debug|Any CPU
		Release|Any CPU = Release|Any CPU
	EndGlobalSection
	GlobalSection(ProjectConfigurationPlatforms) = postSolution
		{CA56D757-9440-4DA7-A393-B994BAA7E8C9}.Debug|Any CPU.ActiveCfg = Debug|Any CPU
		{CA56D757-9440-4DA7-A393-B994BAA7E8C9}.Debug|Any CPU.Build.0 = Debug|Any CPU
		{CA56D757-9440-4DA7-A393-B994BAA7E8C9}.Release|Any CPU.ActiveCfg = Release|Any CPU
		{CA56D757-9440-4DA7-A393-B994BAA7E8C9}.Release|Any CPU.Build.0 = Release|Any CPU
	EndGlobalSection
	GlobalSection(SolutionProperties) = preSolution
		HideSolutionNode = FALSE
	EndGlobalSection
	GlobalSection(ExtensibilityGlobals) = postSolution
		SolutionGuid = {4DEA93F6-BC06-4206-9345-852426F24CF6}
	EndGlobalSection
EndGlobal
