
Microsoft Visual Studio Solution File, Format Version 12.00
# Visual Studio Version 17
VisualStudioVersion = 17.2.32526.322
MinimumVisualStudioVersion = 10.0.40219.1
Project("{FAE04EC0-301F-11D3-BF4B-00C04F79EFBC}") = "017 - Calculo do IMC com swith", "017 - Calculo do IMC com swith\017 - Calculo do IMC com swith.csproj", "{0F16195C-9210-4B38-AEA9-DD41250324B9}"
EndProject
Global
	GlobalSection(SolutionConfigurationPlatforms) = preSolution
		Debug|Any CPU = Debug|Any CPU
		Release|Any CPU = Release|Any CPU
	EndGlobalSection
	GlobalSection(ProjectConfigurationPlatforms) = postSolution
		{0F16195C-9210-4B38-AEA9-DD41250324B9}.Debug|Any CPU.ActiveCfg = Debug|Any CPU
		{0F16195C-9210-4B38-AEA9-DD41250324B9}.Debug|Any CPU.Build.0 = Debug|Any CPU
		{0F16195C-9210-4B38-AEA9-DD41250324B9}.Release|Any CPU.ActiveCfg = Release|Any CPU
		{0F16195C-9210-4B38-AEA9-DD41250324B9}.Release|Any CPU.Build.0 = Release|Any CPU
	EndGlobalSection
	GlobalSection(SolutionProperties) = preSolution
		HideSolutionNode = FALSE
	EndGlobalSection
	GlobalSection(ExtensibilityGlobals) = postSolution
		SolutionGuid = {5188920B-4D0F-4A5D-A7D6-CEE18F7D890A}
	EndGlobalSection
EndGlobal
