
Microsoft Visual Studio Solution File, Format Version 12.00
# Visual Studio Version 17
VisualStudioVersion = 17.2.32526.322
MinimumVisualStudioVersion = 10.0.40219.1
Project("{FAE04EC0-301F-11D3-BF4B-00C04F79EFBC}") = "008 - Creuza idade", "008 - Creuza idade\008 - Creuza idade.csproj", "{D0732B13-CC43-4516-AFFC-19FF9B935301}"
EndProject
Global
	GlobalSection(SolutionConfigurationPlatforms) = preSolution
		Debug|Any CPU = Debug|Any CPU
		Release|Any CPU = Release|Any CPU
	EndGlobalSection
	GlobalSection(ProjectConfigurationPlatforms) = postSolution
		{D0732B13-CC43-4516-AFFC-19FF9B935301}.Debug|Any CPU.ActiveCfg = Debug|Any CPU
		{D0732B13-CC43-4516-AFFC-19FF9B935301}.Debug|Any CPU.Build.0 = Debug|Any CPU
		{D0732B13-CC43-4516-AFFC-19FF9B935301}.Release|Any CPU.ActiveCfg = Release|Any CPU
		{D0732B13-CC43-4516-AFFC-19FF9B935301}.Release|Any CPU.Build.0 = Release|Any CPU
	EndGlobalSection
	GlobalSection(SolutionProperties) = preSolution
		HideSolutionNode = FALSE
	EndGlobalSection
	GlobalSection(ExtensibilityGlobals) = postSolution
		SolutionGuid = {1FB6D31A-91A2-4ACD-A877-C2C2AB9B97B4}
	EndGlobalSection
EndGlobal
