
Microsoft Visual Studio Solution File, Format Version 12.00
# Visual Studio Version 17
VisualStudioVersion = 17.2.32526.322
MinimumVisualStudioVersion = 10.0.40219.1
Project("{FAE04EC0-301F-11D3-BF4B-00C04F79EFBC}") = "016 - Calculo do IMC", "016 - Calculo do IMC\016 - Calculo do IMC.csproj", "{16597967-6ADA-46FB-AC7C-C76F6CE6A2D8}"
EndProject
Global
	GlobalSection(SolutionConfigurationPlatforms) = preSolution
		Debug|Any CPU = Debug|Any CPU
		Release|Any CPU = Release|Any CPU
	EndGlobalSection
	GlobalSection(ProjectConfigurationPlatforms) = postSolution
		{16597967-6ADA-46FB-AC7C-C76F6CE6A2D8}.Debug|Any CPU.ActiveCfg = Debug|Any CPU
		{16597967-6ADA-46FB-AC7C-C76F6CE6A2D8}.Debug|Any CPU.Build.0 = Debug|Any CPU
		{16597967-6ADA-46FB-AC7C-C76F6CE6A2D8}.Release|Any CPU.ActiveCfg = Release|Any CPU
		{16597967-6ADA-46FB-AC7C-C76F6CE6A2D8}.Release|Any CPU.Build.0 = Release|Any CPU
	EndGlobalSection
	GlobalSection(SolutionProperties) = preSolution
		HideSolutionNode = FALSE
	EndGlobalSection
	GlobalSection(ExtensibilityGlobals) = postSolution
		SolutionGuid = {9295E714-F36C-466F-971B-0CD06D0AE366}
	EndGlobalSection
EndGlobal
